PODS:
  - CoreVPN (1.0.5):
    - PlainPing
  - PlainPing (0.5.2)

DEPENDENCIES:
  - CoreVPN (from `../`)

SPEC REPOS:
  trunk:
    - PlainPing

EXTERNAL SOURCES:
  CoreVPN:
    :path: "../"

SPEC CHECKSUMS:
  CoreVPN: 396ce7c2d20a33ae6f0f69b755bc87b8bfad2afa
  PlainPing: 41fb93099deb2f5ddbc534a934eb3bf07522d437

PODFILE CHECKSUM: eb0bc56c8c022a53b54215b0998b3916188a4273

COCOAPODS: 1.11.2
